
Microsoft Visual Studio Solution File, Format Version 12.00
# Visual Studio Version 17
VisualStudioVersion = 17.1.32120.378
MinimumVisualStudioVersion = 10.0.40219.1
Project("{FAE04EC0-301F-11D3-BF4B-00C04F79EFBC}") = "Timer", "Timer\Timer.csproj", "{8F202227-0449-4B73-8266-6ED400D6E366}"
EndProject
Global
	GlobalSection(SolutionConfigurationPlatforms) = preSolution
		Debug|Any CPU = Debug|Any CPU
		Release|Any CPU = Release|Any CPU
	EndGlobalSection
	GlobalSection(ProjectConfigurationPlatforms) = postSolution
		{8F202227-0449-4B73-8266-6ED400D6E366}.Debug|Any CPU.ActiveCfg = Debug|Any CPU
		{8F202227-0449-4B73-8266-6ED400D6E366}.Debug|Any CPU.Build.0 = Debug|Any CPU
		{8F202227-0449-4B73-8266-6ED400D6E366}.Release|Any CPU.ActiveCfg = Release|Any CPU
		{8F202227-0449-4B73-8266-6ED400D6E366}.Release|Any CPU.Build.0 = Release|Any CPU
	EndGlobalSection
	GlobalSection(SolutionProperties) = preSolution
		HideSolutionNode = FALSE
	EndGlobalSection
	GlobalSection(ExtensibilityGlobals) = postSolution
		SolutionGuid = {633B122C-4AF2-46F6-8E7A-393731F096D7}
	EndGlobalSection
EndGlobal
